
Microsoft Visual Studio Solution File, Format Version 12.00
# Visual Studio Version 16
VisualStudioVersion = 16.0.31129.286
MinimumVisualStudioVersion = 10.0.40219.1
Project("{FAE04EC0-301F-11D3-BF4B-00C04F79EFBC}") = "RockPaperScissors", "RockPaperScissors\RockPaperScissors.csproj", "{F6387EA2-2C00-4E8A-B4EA-83B65B13ED5E}"
EndProject
Global
	GlobalSection(SolutionConfigurationPlatforms) = preSolution
		Debug|Any CPU = Debug|Any CPU
		Release|Any CPU = Release|Any CPU
	EndGlobalSection
	GlobalSection(ProjectConfigurationPlatforms) = postSolution
		{F6387EA2-2C00-4E8A-B4EA-83B65B13ED5E}.Debug|Any CPU.ActiveCfg = Debug|Any CPU
		{F6387EA2-2C00-4E8A-B4EA-83B65B13ED5E}.Debug|Any CPU.Build.0 = Debug|Any CPU
		{F6387EA2-2C00-4E8A-B4EA-83B65B13ED5E}.Release|Any CPU.ActiveCfg = Release|Any CPU
		{F6387EA2-2C00-4E8A-B4EA-83B65B13ED5E}.Release|Any CPU.Build.0 = Release|Any CPU
	EndGlobalSection
	GlobalSection(SolutionProperties) = preSolution
		HideSolutionNode = FALSE
	EndGlobalSection
	GlobalSection(ExtensibilityGlobals) = postSolution
		SolutionGuid = {658E65FA-3255-48D4-8E78-1E0FD0E6C527}
	EndGlobalSection
EndGlobal
